
Microsoft Visual Studio Solution File, Format Version 12.00
# Visual Studio 14
VisualStudioVersion = 14.0.24720.0
MinimumVisualStudioVersion = 10.0.40219.1
Project("{FAE04EC0-301F-11D3-BF4B-00C04F79EFBC}") = "WebApi", "WebApi\WebApi.csproj", "{D446C77A-27F2-42CE-998B-B9E27B9369D3}"
EndProject
Project("{FAE04EC0-301F-11D3-BF4B-00C04F79EFBC}") = "WebApi.Test", "WebApi.Test\WebApi.Test.csproj", "{37DE466F-3710-474C-9576-0E2D040CCBD7}"
EndProject
Global
	GlobalSection(SolutionConfigurationPlatforms) = preSolution
		Debug|Any CPU = Debug|Any CPU
		Release|Any CPU = Release|Any CPU
	EndGlobalSection
	GlobalSection(ProjectConfigurationPlatforms) = postSolution
		{D446C77A-27F2-42CE-998B-B9E27B9369D3}.Debug|Any CPU.ActiveCfg = Debug|Any CPU
		{D446C77A-27F2-42CE-998B-B9E27B9369D3}.Debug|Any CPU.Build.0 = Debug|Any CPU
		{D446C77A-27F2-42CE-998B-B9E27B9369D3}.Release|Any CPU.ActiveCfg = Release|Any CPU
		{D446C77A-27F2-42CE-998B-B9E27B9369D3}.Release|Any CPU.Build.0 = Release|Any CPU
		{37DE466F-3710-474C-9576-0E2D040CCBD7}.Debug|Any CPU.ActiveCfg = Debug|Any CPU
		{37DE466F-3710-474C-9576-0E2D040CCBD7}.Debug|Any CPU.Build.0 = Debug|Any CPU
		{37DE466F-3710-474C-9576-0E2D040CCBD7}.Release|Any CPU.ActiveCfg = Release|Any CPU
		{37DE466F-3710-474C-9576-0E2D040CCBD7}.Release|Any CPU.Build.0 = Release|Any CPU
	EndGlobalSection
	GlobalSection(SolutionProperties) = preSolution
		HideSolutionNode = FALSE
	EndGlobalSection
EndGlobal
